
Microsoft Visual Studio Solution File, Format Version 12.00
# Visual Studio Version 16
VisualStudioVersion = 16.0.29709.97
MinimumVisualStudioVersion = 10.0.40219.1
Project("{FAE04EC0-301F-11D3-BF4B-00C04F79EFBC}") = "Desafio02_Csharp", "Desafio02_Csharp\Desafio02_Csharp.csproj", "{1933F817-7989-408B-B102-64692056B0F8}"
EndProject
Global
	GlobalSection(SolutionConfigurationPlatforms) = preSolution
		Debug|Any CPU = Debug|Any CPU
		Release|Any CPU = Release|Any CPU
	EndGlobalSection
	GlobalSection(ProjectConfigurationPlatforms) = postSolution
		{1933F817-7989-408B-B102-64692056B0F8}.Debug|Any CPU.ActiveCfg = Debug|Any CPU
		{1933F817-7989-408B-B102-64692056B0F8}.Debug|Any CPU.Build.0 = Debug|Any CPU
		{1933F817-7989-408B-B102-64692056B0F8}.Release|Any CPU.ActiveCfg = Release|Any CPU
		{1933F817-7989-408B-B102-64692056B0F8}.Release|Any CPU.Build.0 = Release|Any CPU
	EndGlobalSection
	GlobalSection(SolutionProperties) = preSolution
		HideSolutionNode = FALSE
	EndGlobalSection
	GlobalSection(ExtensibilityGlobals) = postSolution
		SolutionGuid = {256B9778-2722-4A92-ACE5-B4C05837BD20}
	EndGlobalSection
EndGlobal
